
Microsoft Visual Studio Solution File, Format Version 12.00
# Visual Studio 15
VisualStudioVersion = 15.0.28307.539
MinimumVisualStudioVersion = 10.0.40219.1
Project("{FAE04EC0-301F-11D3-BF4B-00C04F79EFBC}") = "BrindgePattern", "BrindgePattern\BrindgePattern.csproj", "{4F3A7FA3-1270-47DE-90D3-550D11075749}"
EndProject
Project("{FAE04EC0-301F-11D3-BF4B-00C04F79EFBC}") = "ShapesOLD", "Shapes\ShapesOLD.csproj", "{685B70C8-89A9-477E-A37A-2F07091552BD}"
EndProject
Project("{FAE04EC0-301F-11D3-BF4B-00C04F79EFBC}") = "Bridge2", "Bridge2\Bridge2.csproj", "{D6116891-E39C-484B-9877-AE2131B9A896}"
EndProject
Project("{FAE04EC0-301F-11D3-BF4B-00C04F79EFBC}") = "ShapesNew", "ShapesNew\ShapesNew.csproj", "{1762CA5A-F515-4B2B-8272-1EAFA0DD6ABD}"
EndProject
Project("{FAE04EC0-301F-11D3-BF4B-00C04F79EFBC}") = "NVI", "NVI\NVI.csproj", "{664C0F8D-0CC0-4F64-BE84-788737364A2E}"
EndProject
Global
	GlobalSection(SolutionConfigurationPlatforms) = preSolution
		Debug|Any CPU = Debug|Any CPU
		Release|Any CPU = Release|Any CPU
	EndGlobalSection
	GlobalSection(ProjectConfigurationPlatforms) = postSolution
		{4F3A7FA3-1270-47DE-90D3-550D11075749}.Debug|Any CPU.ActiveCfg = Debug|Any CPU
		{4F3A7FA3-1270-47DE-90D3-550D11075749}.Debug|Any CPU.Build.0 = Debug|Any CPU
		{4F3A7FA3-1270-47DE-90D3-550D11075749}.Release|Any CPU.ActiveCfg = Release|Any CPU
		{4F3A7FA3-1270-47DE-90D3-550D11075749}.Release|Any CPU.Build.0 = Release|Any CPU
		{685B70C8-89A9-477E-A37A-2F07091552BD}.Debug|Any CPU.ActiveCfg = Debug|Any CPU
		{685B70C8-89A9-477E-A37A-2F07091552BD}.Debug|Any CPU.Build.0 = Debug|Any CPU
		{685B70C8-89A9-477E-A37A-2F07091552BD}.Release|Any CPU.ActiveCfg = Release|Any CPU
		{685B70C8-89A9-477E-A37A-2F07091552BD}.Release|Any CPU.Build.0 = Release|Any CPU
		{D6116891-E39C-484B-9877-AE2131B9A896}.Debug|Any CPU.ActiveCfg = Debug|Any CPU
		{D6116891-E39C-484B-9877-AE2131B9A896}.Debug|Any CPU.Build.0 = Debug|Any CPU
		{D6116891-E39C-484B-9877-AE2131B9A896}.Release|Any CPU.ActiveCfg = Release|Any CPU
		{D6116891-E39C-484B-9877-AE2131B9A896}.Release|Any CPU.Build.0 = Release|Any CPU
		{1762CA5A-F515-4B2B-8272-1EAFA0DD6ABD}.Debug|Any CPU.ActiveCfg = Debug|Any CPU
		{1762CA5A-F515-4B2B-8272-1EAFA0DD6ABD}.Debug|Any CPU.Build.0 = Debug|Any CPU
		{1762CA5A-F515-4B2B-8272-1EAFA0DD6ABD}.Release|Any CPU.ActiveCfg = Release|Any CPU
		{1762CA5A-F515-4B2B-8272-1EAFA0DD6ABD}.Release|Any CPU.Build.0 = Release|Any CPU
		{664C0F8D-0CC0-4F64-BE84-788737364A2E}.Debug|Any CPU.ActiveCfg = Debug|Any CPU
		{664C0F8D-0CC0-4F64-BE84-788737364A2E}.Debug|Any CPU.Build.0 = Debug|Any CPU
		{664C0F8D-0CC0-4F64-BE84-788737364A2E}.Release|Any CPU.ActiveCfg = Release|Any CPU
		{664C0F8D-0CC0-4F64-BE84-788737364A2E}.Release|Any CPU.Build.0 = Release|Any CPU
	EndGlobalSection
	GlobalSection(SolutionProperties) = preSolution
		HideSolutionNode = FALSE
	EndGlobalSection
	GlobalSection(ExtensibilityGlobals) = postSolution
		SolutionGuid = {6811BFA6-2427-463A-8640-B465C97167CA}
	EndGlobalSection
EndGlobal
